
Microsoft Visual Studio Solution File, Format Version 12.00
# Visual Studio Version 17
VisualStudioVersion = 17.13.35806.99
MinimumVisualStudioVersion = 10.0.40219.1
Project("{FAE04EC0-301F-11D3-BF4B-00C04F79EFBC}") = "LasmartServer", "LasmartServer.csproj", "{FE5D7AFC-A44D-448C-8CD8-43328E2574D6}"
EndProject
Global
	GlobalSection(SolutionConfigurationPlatforms) = preSolution
		Debug|Any CPU = Debug|Any CPU
		Release|Any CPU = Release|Any CPU
	EndGlobalSection
	GlobalSection(ProjectConfigurationPlatforms) = postSolution
		{FE5D7AFC-A44D-448C-8CD8-43328E2574D6}.Debug|Any CPU.ActiveCfg = Debug|Any CPU
		{FE5D7AFC-A44D-448C-8CD8-43328E2574D6}.Debug|Any CPU.Build.0 = Debug|Any CPU
		{FE5D7AFC-A44D-448C-8CD8-43328E2574D6}.Release|Any CPU.ActiveCfg = Release|Any CPU
		{FE5D7AFC-A44D-448C-8CD8-43328E2574D6}.Release|Any CPU.Build.0 = Release|Any CPU
	EndGlobalSection
	GlobalSection(SolutionProperties) = preSolution
		HideSolutionNode = FALSE
	EndGlobalSection
	GlobalSection(ExtensibilityGlobals) = postSolution
		SolutionGuid = {9D9FEDC6-66DE-4CB3-97A9-94AA61B47C3C}
	EndGlobalSection
EndGlobal
